// !$*UTF8*$!
{
	archiveVersion = 1;
	classes = {
	};
	objectVersion = 55;
	objects = {

/* Begin PBXBuildFile section */
		E510C1C7287E664C00827979 /* AppDelegate.swift in Sources */ = {isa = PBXBuildFile; fileRef = E510C1C6287E664C00827979 /* AppDelegate.swift */; };
		E510C1C9287E664C00827979 /* SceneDelegate.swift in Sources */ = {isa = PBXBuildFile; fileRef = E510C1C8287E664C00827979 /* SceneDelegate.swift */; };
		E510C1CB287E664C00827979 /* ViewController.swift in Sources */ = {isa = PBXBuildFile; fileRef = E510C1CA287E664C00827979 /* ViewController.swift */; };
		E510C1CE287E664C00827979 /* Main.storyboard in Resources */ = {isa = PBXBuildFile; fileRef = E510C1CC287E664C00827979 /* Main.storyboard */; };
		E510C1D0287E664E00827979 /* Assets.xcassets in Resources */ = {isa = PBXBuildFile; fileRef = E510C1CF287E664E00827979 /* Assets.xcassets */; };
		E510C1D3287E664E00827979 /* LaunchScreen.storyboard in Resources */ = {isa = PBXBuildFile; fileRef = E510C1D1287E664E00827979 /* LaunchScreen.storyboard */; };
		E510C35B2884F30600827979 /* XvMuse.framework in Frameworks */ = {isa = PBXBuildFile; fileRef = E510C35A2884F30600827979 /* XvMuse.framework */; };
		E510C35C2884F30600827979 /* XvMuse.framework in Embed Frameworks */ = {isa = PBXBuildFile; fileRef = E510C35A2884F30600827979 /* XvMuse.framework */; settings = {ATTRIBUTES = (CodeSignOnCopy, RemoveHeadersOnCopy, ); }; };
		FF50065CFD0466B7DFD2EB82 /* Pods_BluetoothMuse.framework in Frameworks */ = {isa = PBXBuildFile; fileRef = 5AC27785C715DF379553ACB7 /* Pods_BluetoothMuse.framework */; };
/* End PBXBuildFile section */

/* Begin PBXContainerItemProxy section */
		E510C3592884F30600827979 /* PBXContainerItemProxy */ = {
			isa = PBXContainerItemProxy;
			containerPortal = E510C3542884F2E200827979 /* XvMuse.xcodeproj */;
			proxyType = 2;
			remoteGlobalIDString = BB57F8882496B01B003DB78A;
			remoteInfo = XvMuse;
		};
/* End PBXContainerItemProxy section */

/* Begin PBXCopyFilesBuildPhase section */
		E510C1ED287E67C300827979 /* Embed Frameworks */ = {
			isa = PBXCopyFilesBuildPhase;
			buildActionMask = 2147483647;
			dstPath = "";
			dstSubfolderSpec = 10;
			files = (
				E510C35C2884F30600827979 /* XvMuse.framework in Embed Frameworks */,
			);
			name = "Embed Frameworks";
			runOnlyForDeploymentPostprocessing = 0;
		};
/* End PBXCopyFilesBuildPhase section */

/* Begin PBXFileReference section */
		1985337AC1AAF5B3412AFA56 /* Pods-BluetoothMuse.release.xcconfig */ = {isa = PBXFileReference; includeInIndex = 1; lastKnownFileType = text.xcconfig; name = "Pods-BluetoothMuse.release.xcconfig"; path = "Target Support Files/Pods-BluetoothMuse/Pods-BluetoothMuse.release.xcconfig"; sourceTree = "<group>"; };
		5AC27785C715DF379553ACB7 /* Pods_BluetoothMuse.framework */ = {isa = PBXFileReference; explicitFileType = wrapper.framework; includeInIndex = 0; path = Pods_BluetoothMuse.framework; sourceTree = BUILT_PRODUCTS_DIR; };
		8672DB9A696E99011EE8C946 /* Pods-BluetoothMuse.debug.xcconfig */ = {isa = PBXFileReference; includeInIndex = 1; lastKnownFileType = text.xcconfig; name = "Pods-BluetoothMuse.debug.xcconfig"; path = "Target Support Files/Pods-BluetoothMuse/Pods-BluetoothMuse.debug.xcconfig"; sourceTree = "<group>"; };
		E510C1C3287E664C00827979 /* BluetoothMuse.app */ = {isa = PBXFileReference; explicitFileType = wrapper.application; includeInIndex = 0; path = BluetoothMuse.app; sourceTree = BUILT_PRODUCTS_DIR; };
		E510C1C6287E664C00827979 /* AppDelegate.swift */ = {isa = PBXFileReference; lastKnownFileType = sourcecode.swift; path = AppDelegate.swift; sourceTree = "<group>"; };
		E510C1C8287E664C00827979 /* SceneDelegate.swift */ = {isa = PBXFileReference; lastKnownFileType = sourcecode.swift; path = SceneDelegate.swift; sourceTree = "<group>"; };
		E510C1CA287E664C00827979 /* ViewController.swift */ = {isa = PBXFileReference; lastKnownFileType = sourcecode.swift; path = ViewController.swift; sourceTree = "<group>"; };
		E510C1CD287E664C00827979 /* Base */ = {isa = PBXFileReference; lastKnownFileType = file.storyboard; name = Base; path = Base.lproj/Main.storyboard; sourceTree = "<group>"; };
		E510C1CF287E664E00827979 /* Assets.xcassets */ = {isa = PBXFileReference; lastKnownFileType = folder.assetcatalog; path = Assets.xcassets; sourceTree = "<group>"; };
		E510C1D2287E664E00827979 /* Base */ = {isa = PBXFileReference; lastKnownFileType = file.storyboard; name = Base; path = Base.lproj/LaunchScreen.storyboard; sourceTree = "<group>"; };
		E510C1D4287E664E00827979 /* Info.plist */ = {isa = PBXFileReference; lastKnownFileType = text.plist.xml; path = Info.plist; sourceTree = "<group>"; };
		E510C28428835DB000827979 /* BluetoothMuse.entitlements */ = {isa = PBXFileReference; lastKnownFileType = text.plist.entitlements; path = BluetoothMuse.entitlements; sourceTree = "<group>"; };
		E510C3542884F2E200827979 /* XvMuse.xcodeproj */ = {isa = PBXFileReference; lastKnownFileType = "wrapper.pb-project"; name = XvMuse.xcodeproj; path = "../../Downloads/XvMuse-master/XvMuse.xcodeproj"; sourceTree = "<group>"; };
		E510C35D2884F6B800827979 /* BluetoothMuseRelease.entitlements */ = {isa = PBXFileReference; lastKnownFileType = text.plist.entitlements; path = BluetoothMuseRelease.entitlements; sourceTree = "<group>"; };
/* End PBXFileReference section */

/* Begin PBXFrameworksBuildPhase section */
		E510C1C0287E664C00827979 /* Frameworks */ = {
			isa = PBXFrameworksBuildPhase;
			buildActionMask = 2147483647;
			files = (
				E510C35B2884F30600827979 /* XvMuse.framework in Frameworks */,
				FF50065CFD0466B7DFD2EB82 /* Pods_BluetoothMuse.framework in Frameworks */,
			);
			runOnlyForDeploymentPostprocessing = 0;
		};
/* End PBXFrameworksBuildPhase section */

/* Begin PBXGroup section */
		0BB4F88675BAF60A36F8C988 /* Pods */ = {
			isa = PBXGroup;
			children = (
				8672DB9A696E99011EE8C946 /* Pods-BluetoothMuse.debug.xcconfig */,
				1985337AC1AAF5B3412AFA56 /* Pods-BluetoothMuse.release.xcconfig */,
			);
			name = Pods;
			path = Pods;
			sourceTree = "<group>";
		};
		E510C1BA287E664C00827979 = {
			isa = PBXGroup;
			children = (
				E510C1C5287E664C00827979 /* BluetoothMuse */,
				E510C1C4287E664C00827979 /* Products */,
				E510C1E9287E67C300827979 /* Frameworks */,
				0BB4F88675BAF60A36F8C988 /* Pods */,
			);
			sourceTree = "<group>";
		};
		E510C1C4287E664C00827979 /* Products */ = {
			isa = PBXGroup;
			children = (
				E510C1C3287E664C00827979 /* BluetoothMuse.app */,
			);
			name = Products;
			sourceTree = "<group>";
		};
		E510C1C5287E664C00827979 /* BluetoothMuse */ = {
			isa = PBXGroup;
			children = (
				E510C35D2884F6B800827979 /* BluetoothMuseRelease.entitlements */,
				E510C28428835DB000827979 /* BluetoothMuse.entitlements */,
				E510C1C6287E664C00827979 /* AppDelegate.swift */,
				E510C1C8287E664C00827979 /* SceneDelegate.swift */,
				E510C1CA287E664C00827979 /* ViewController.swift */,
				E510C1CC287E664C00827979 /* Main.storyboard */,
				E510C1CF287E664E00827979 /* Assets.xcassets */,
				E510C1D1287E664E00827979 /* LaunchScreen.storyboard */,
				E510C1D4287E664E00827979 /* Info.plist */,
			);
			path = BluetoothMuse;
			sourceTree = "<group>";
		};
		E510C1E9287E67C300827979 /* Frameworks */ = {
			isa = PBXGroup;
			children = (
				E510C3542884F2E200827979 /* XvMuse.xcodeproj */,
				5AC27785C715DF379553ACB7 /* Pods_BluetoothMuse.framework */,
			);
			name = Frameworks;
			sourceTree = "<group>";
		};
		E510C3552884F2E200827979 /* Products */ = {
			isa = PBXGroup;
			children = (
				E510C35A2884F30600827979 /* XvMuse.framework */,
			);
			name = Products;
			sourceTree = "<group>";
		};
/* End PBXGroup section */

/* Begin PBXNativeTarget section */
		E510C1C2287E664C00827979 /* BluetoothMuse */ = {
			isa = PBXNativeTarget;
			buildConfigurationList = E510C1D7287E664E00827979 /* Build configuration list for PBXNativeTarget "BluetoothMuse" */;
			buildPhases = (
				B7EE0D7C51E35EC6804753CD /* [CP] Check Pods Manifest.lock */,
				E510C1BF287E664C00827979 /* Sources */,
				E510C1C0287E664C00827979 /* Frameworks */,
				E510C1C1287E664C00827979 /* Resources */,
				E510C1ED287E67C300827979 /* Embed Frameworks */,
				CBFD1EA4AB41B2B9552C7C17 /* [CP] Embed Pods Frameworks */,
			);
			buildRules = (
			);
			dependencies = (
			);
			name = BluetoothMuse;
			productName = BluetoothMuse;
			productReference = E510C1C3287E664C00827979 /* BluetoothMuse.app */;
			productType = "com.apple.product-type.application";
		};
/* End PBXNativeTarget section */

/* Begin PBXProject section */
		E510C1BB287E664C00827979 /* Project object */ = {
			isa = PBXProject;
			attributes = {
				BuildIndependentTargetsInParallel = 1;
				LastSwiftUpdateCheck = 1340;
				LastUpgradeCheck = 1340;
				TargetAttributes = {
					E510C1C2287E664C00827979 = {
						CreatedOnToolsVersion = 13.4.1;
					};
				};
			};
			buildConfigurationList = E510C1BE287E664C00827979 /* Build configuration list for PBXProject "BluetoothMuse" */;
			compatibilityVersion = "Xcode 13.0";
			developmentRegion = en;
			hasScannedForEncodings = 0;
			knownRegions = (
				en,
				Base,
			);
			mainGroup = E510C1BA287E664C00827979;
			productRefGroup = E510C1C4287E664C00827979 /* Products */;
			projectDirPath = "";
			projectReferences = (
				{
					ProductGroup = E510C3552884F2E200827979 /* Products */;
					ProjectRef = E510C3542884F2E200827979 /* XvMuse.xcodeproj */;
				},
			);
			projectRoot = "";
			targets = (
				E510C1C2287E664C00827979 /* BluetoothMuse */,
			);
		};
/* End PBXProject section */

/* Begin PBXReferenceProxy section */
		E510C35A2884F30600827979 /* XvMuse.framework */ = {
			isa = PBXReferenceProxy;
			fileType = wrapper.framework;
			path = XvMuse.framework;
			remoteRef = E510C3592884F30600827979 /* PBXContainerItemProxy */;
			sourceTree = BUILT_PRODUCTS_DIR;
		};
/* End PBXReferenceProxy section */

/* Begin PBXResourcesBuildPhase section */
		E510C1C1287E664C00827979 /* Resources */ = {
			isa = PBXResourcesBuildPhase;
			buildActionMask = 2147483647;
			files = (
				E510C1D3287E664E00827979 /* LaunchScreen.storyboard in Resources */,
				E510C1D0287E664E00827979 /* Assets.xcassets in Resources */,
				E510C1CE287E664C00827979 /* Main.storyboard in Resources */,
			);
			runOnlyForDeploymentPostprocessing = 0;
		};
/* End PBXResourcesBuildPhase section */

/* Begin PBXShellScriptBuildPhase section */
		B7EE0D7C51E35EC6804753CD /* [CP] Check Pods Manifest.lock */ = {
			isa = PBXShellScriptBuildPhase;
			buildActionMask = 2147483647;
			files = (
			);
			inputFileListPaths = (
			);
			inputPaths = (
				"${PODS_PODFILE_DIR_PATH}/Podfile.lock",
				"${PODS_ROOT}/Manifest.lock",
			);
			name = "[CP] Check Pods Manifest.lock";
			outputFileListPaths = (
			);
			outputPaths = (
				"$(DERIVED_FILE_DIR)/Pods-BluetoothMuse-checkManifestLockResult.txt",
			);
			runOnlyForDeploymentPostprocessing = 0;
			shellPath = /bin/sh;
			shellScript = "diff \"${PODS_PODFILE_DIR_PATH}/Podfile.lock\" \"${PODS_ROOT}/Manifest.lock\" > /dev/null\nif [ $? != 0 ] ; then\n    # print error to STDERR\n    echo \"error: The sandbox is not in sync with the Podfile.lock. Run 'pod install' or update your CocoaPods installation.\" >&2\n    exit 1\nfi\n# This output is used by Xcode 'outputs' to avoid re-running this script phase.\necho \"SUCCESS\" > \"${SCRIPT_OUTPUT_FILE_0}\"\n";
			showEnvVarsInLog = 0;
		};
		CBFD1EA4AB41B2B9552C7C17 /* [CP] Embed Pods Frameworks */ = {
			isa = PBXShellScriptBuildPhase;
			buildActionMask = 2147483647;
			files = (
			);
			inputFileListPaths = (
				"${PODS_ROOT}/Target Support Files/Pods-BluetoothMuse/Pods-BluetoothMuse-frameworks-${CONFIGURATION}-input-files.xcfilelist",
			);
			name = "[CP] Embed Pods Frameworks";
			outputFileListPaths = (
				"${PODS_ROOT}/Target Support Files/Pods-BluetoothMuse/Pods-BluetoothMuse-frameworks-${CONFIGURATION}-output-files.xcfilelist",
			);
			runOnlyForDeploymentPostprocessing = 0;
			shellPath = /bin/sh;
			shellScript = "\"${PODS_ROOT}/Target Support Files/Pods-BluetoothMuse/Pods-BluetoothMuse-frameworks.sh\"\n";
			showEnvVarsInLog = 0;
		};
/* End PBXShellScriptBuildPhase section */

/* Begin PBXSourcesBuildPhase section */
		E510C1BF287E664C00827979 /* Sources */ = {
			isa = PBXSourcesBuildPhase;
			buildActionMask = 2147483647;
			files = (
				E510C1CB287E664C00827979 /* ViewController.swift in Sources */,
				E510C1C7287E664C00827979 /* AppDelegate.swift in Sources */,
				E510C1C9287E664C00827979 /* SceneDelegate.swift in Sources */,
			);
			runOnlyForDeploymentPostprocessing = 0;
		};
/* End PBXSourcesBuildPhase section */

/* Begin PBXVariantGroup section */
		E510C1CC287E664C00827979 /* Main.storyboard */ = {
			isa = PBXVariantGroup;
			children = (
				E510C1CD287E664C00827979 /* Base */,
			);
			name = Main.storyboard;
			sourceTree = "<group>";
		};
		E510C1D1287E664E00827979 /* LaunchScreen.storyboard */ = {
			isa = PBXVariantGroup;
			children = (
				E510C1D2287E664E00827979 /* Base */,
			);
			name = LaunchScreen.storyboard;
			sourceTree = "<group>";
		};
/* End PBXVariantGroup section */

/* Begin XCBuildConfiguration section */
		E510C1D5287E664E00827979 /* Debug */ = {
			isa = XCBuildConfiguration;
			buildSettings = {
				ALLOW_TARGET_PLATFORM_SPECIALIZATION = NO;
				ALWAYS_SEARCH_USER_PATHS = NO;
				CLANG_ANALYZER_NONNULL = YES;
				CLANG_ANALYZER_NUMBER_OBJECT_CONVERSION = YES_AGGRESSIVE;
				CLANG_CXX_LANGUAGE_STANDARD = "gnu++17";
				CLANG_ENABLE_MODULES = YES;
				CLANG_ENABLE_OBJC_ARC = YES;
				CLANG_ENABLE_OBJC_WEAK = YES;
				CLANG_WARN_BLOCK_CAPTURE_AUTORELEASING = YES;
				CLANG_WARN_BOOL_CONVERSION = YES;
				CLANG_WARN_COMMA = YES;
				CLANG_WARN_CONSTANT_CONVERSION = YES;
				CLANG_WARN_DEPRECATED_OBJC_IMPLEMENTATIONS = YES;
				CLANG_WARN_DIRECT_OBJC_ISA_USAGE = YES_ERROR;
				CLANG_WARN_DOCUMENTATION_COMMENTS = YES;
				CLANG_WARN_EMPTY_BODY = YES;
				CLANG_WARN_ENUM_CONVERSION = YES;
				CLANG_WARN_INFINITE_RECURSION = YES;
				CLANG_WARN_INT_CONVERSION = YES;
				CLANG_WARN_NON_LITERAL_NULL_CONVERSION = YES;
				CLANG_WARN_OBJC_IMPLICIT_RETAIN_SELF = YES;
				CLANG_WARN_OBJC_LITERAL_CONVERSION = YES;
				CLANG_WARN_OBJC_ROOT_CLASS = YES_ERROR;
				CLANG_WARN_QUOTED_INCLUDE_IN_FRAMEWORK_HEADER = YES;
				CLANG_WARN_RANGE_LOOP_ANALYSIS = YES;
				CLANG_WARN_STRICT_PROTOTYPES = YES;
				CLANG_WARN_SUSPICIOUS_MOVE = YES;
				CLANG_WARN_UNGUARDED_AVAILABILITY = YES_AGGRESSIVE;
				CLANG_WARN_UNREACHABLE_CODE = YES;
				CLANG_WARN__DUPLICATE_METHOD_MATCH = YES;
				COPY_PHASE_STRIP = NO;
				DEBUG_INFORMATION_FORMAT = dwarf;
				ENABLE_STRICT_OBJC_MSGSEND = YES;
				ENABLE_TESTABILITY = YES;
				GCC_C_LANGUAGE_STANDARD = gnu11;
				GCC_DYNAMIC_NO_PIC = NO;
				GCC_NO_COMMON_BLOCKS = YES;
				GCC_OPTIMIZATION_LEVEL = 0;
				GCC_PREPROCESSOR_DEFINITIONS = (
					"DEBUG=1",
					"$(inherited)",
				);
				GCC_WARN_64_TO_32_BIT_CONVERSION = YES;
				GCC_WARN_ABOUT_RETURN_TYPE = YES_ERROR;
				GCC_WARN_UNDECLARED_SELECTOR = YES;
				GCC_WARN_UNINITIALIZED_AUTOS = YES_AGGRESSIVE;
				GCC_WARN_UNUSED_FUNCTION = YES;
				GCC_WARN_UNUSED_VARIABLE = YES;
				IPHONEOS_DEPLOYMENT_TARGET = 15.0;
				MTL_ENABLE_DEBUG_INFO = INCLUDE_SOURCE;
				MTL_FAST_MATH = YES;
				ONLY_ACTIVE_ARCH = YES;
				SDKROOT = iphoneos;
				SUPPORTED_PLATFORMS = "iphonesimulator iphoneos";
				SUPPORTS_MACCATALYST = YES;
				SWIFT_ACTIVE_COMPILATION_CONDITIONS = DEBUG;
				SWIFT_OPTIMIZATION_LEVEL = "-Onone";
			};
			name = Debug;
		};
		E510C1D6287E664E00827979 /* Release */ = {
			isa = XCBuildConfiguration;
			buildSettings = {
				ALLOW_TARGET_PLATFORM_SPECIALIZATION = NO;
				ALWAYS_SEARCH_USER_PATHS = NO;
				CLANG_ANALYZER_NONNULL = YES;
				CLANG_ANALYZER_NUMBER_OBJECT_CONVERSION = YES_AGGRESSIVE;
				CLANG_CXX_LANGUAGE_STANDARD = "gnu++17";
				CLANG_ENABLE_MODULES = YES;
				CLANG_ENABLE_OBJC_ARC = YES;
				CLANG_ENABLE_OBJC_WEAK = YES;
				CLANG_WARN_BLOCK_CAPTURE_AUTORELEASING = YES;
				CLANG_WARN_BOOL_CONVERSION = YES;
				CLANG_WARN_COMMA = YES;
				CLANG_WARN_CONSTANT_CONVERSION = YES;
				CLANG_WARN_DEPRECATED_OBJC_IMPLEMENTATIONS = YES;
				CLANG_WARN_DIRECT_OBJC_ISA_USAGE = YES_ERROR;
				CLANG_WARN_DOCUMENTATION_COMMENTS = YES;
				CLANG_WARN_EMPTY_BODY = YES;
				CLANG_WARN_ENUM_CONVERSION = YES;
				CLANG_WARN_INFINITE_RECURSION = YES;
				CLANG_WARN_INT_CONVERSION = YES;
				CLANG_WARN_NON_LITERAL_NULL_CONVERSION = YES;
				CLANG_WARN_OBJC_IMPLICIT_RETAIN_SELF = YES;
				CLANG_WARN_OBJC_LITERAL_CONVERSION = YES;
				CLANG_WARN_OBJC_ROOT_CLASS = YES_ERROR;
				CLANG_WARN_QUOTED_INCLUDE_IN_FRAMEWORK_HEADER = YES;
				CLANG_WARN_RANGE_LOOP_ANALYSIS = YES;
				CLANG_WARN_STRICT_PROTOTYPES = YES;
				CLANG_WARN_SUSPICIOUS_MOVE = YES;
				CLANG_WARN_UNGUARDED_AVAILABILITY = YES_AGGRESSIVE;
				CLANG_WARN_UNREACHABLE_CODE = YES;
				CLANG_WARN__DUPLICATE_METHOD_MATCH = YES;
				COPY_PHASE_STRIP = NO;
				DEBUG_INFORMATION_FORMAT = "dwarf-with-dsym";
				ENABLE_NS_ASSERTIONS = NO;
				ENABLE_STRICT_OBJC_MSGSEND = YES;
				GCC_C_LANGUAGE_STANDARD = gnu11;
				GCC_NO_COMMON_BLOCKS = YES;
				GCC_WARN_64_TO_32_BIT_CONVERSION = YES;
				GCC_WARN_ABOUT_RETURN_TYPE = YES_ERROR;
				GCC_WARN_UNDECLARED_SELECTOR = YES;
				GCC_WARN_UNINITIALIZED_AUTOS = YES_AGGRESSIVE;
				GCC_WARN_UNUSED_FUNCTION = YES;
				GCC_WARN_UNUSED_VARIABLE = YES;
				IPHONEOS_DEPLOYMENT_TARGET = 15.0;
				MTL_ENABLE_DEBUG_INFO = NO;
				MTL_FAST_MATH = YES;
				ONLY_ACTIVE_ARCH = YES;
				SDKROOT = iphoneos;
				SUPPORTED_PLATFORMS = "iphonesimulator iphoneos";
				SUPPORTS_MACCATALYST = YES;
				SWIFT_COMPILATION_MODE = wholemodule;
				SWIFT_OPTIMIZATION_LEVEL = "-O";
				VALIDATE_PRODUCT = YES;
			};
			name = Release;
		};
		E510C1D8287E664E00827979 /* Debug */ = {
			isa = XCBuildConfiguration;
			baseConfigurationReference = 8672DB9A696E99011EE8C946 /* Pods-BluetoothMuse.debug.xcconfig */;
			buildSettings = {
				ASSETCATALOG_COMPILER_APPICON_NAME = AppIcon;
				ASSETCATALOG_COMPILER_GLOBAL_ACCENT_COLOR_NAME = AccentColor;
				CODE_SIGN_ENTITLEMENTS = BluetoothMuse/BluetoothMuse.entitlements;
				"CODE_SIGN_IDENTITY[sdk=macosx*]" = "-";
				CODE_SIGN_STYLE = Automatic;
				CURRENT_PROJECT_VERSION = 1;
				DEVELOPMENT_TEAM = Q4N7S3UM6Y;
				GENERATE_INFOPLIST_FILE = YES;
				INFOPLIST_FILE = BluetoothMuse/Info.plist;
				INFOPLIST_KEY_UIApplicationSupportsIndirectInputEvents = YES;
				INFOPLIST_KEY_UILaunchStoryboardName = LaunchScreen;
				INFOPLIST_KEY_UIMainStoryboardFile = Main;
				INFOPLIST_KEY_UISupportedInterfaceOrientations_iPad = "UIInterfaceOrientationPortrait UIInterfaceOrientationPortraitUpsideDown UIInterfaceOrientationLandscapeLeft UIInterfaceOrientationLandscapeRight";
				INFOPLIST_KEY_UISupportedInterfaceOrientations_iPhone = "UIInterfaceOrientationPortrait UIInterfaceOrientationLandscapeLeft UIInterfaceOrientationLandscapeRight";
				LD_RUNPATH_SEARCH_PATHS = (
					"$(inherited)",
					"@executable_path/Frameworks",
				);
				MARKETING_VERSION = 1.0;
				PRODUCT_BUNDLE_IDENTIFIER = com.example.BluetoothMuse;
				PRODUCT_NAME = "$(TARGET_NAME)";
				SUPPORTS_MACCATALYST = YES;
				SWIFT_EMIT_LOC_STRINGS = YES;
				SWIFT_VERSION = 5.0;
				TARGETED_DEVICE_FAMILY = "1,2,6";
			};
			name = Debug;
		};
		E510C1D9287E664E00827979 /* Release */ = {
			isa = XCBuildConfiguration;
			baseConfigurationReference = 1985337AC1AAF5B3412AFA56 /* Pods-BluetoothMuse.release.xcconfig */;
			buildSettings = {
				ASSETCATALOG_COMPILER_APPICON_NAME = AppIcon;
				ASSETCATALOG_COMPILER_GLOBAL_ACCENT_COLOR_NAME = AccentColor;
				CODE_SIGN_ENTITLEMENTS = BluetoothMuse/BluetoothMuseRelease.entitlements;
				"CODE_SIGN_IDENTITY[sdk=macosx*]" = "-";
				CODE_SIGN_STYLE = Automatic;
				CURRENT_PROJECT_VERSION = 1;
				DEVELOPMENT_TEAM = Q4N7S3UM6Y;
				GENERATE_INFOPLIST_FILE = YES;
				INFOPLIST_FILE = BluetoothMuse/Info.plist;
				INFOPLIST_KEY_UIApplicationSupportsIndirectInputEvents = YES;
				INFOPLIST_KEY_UILaunchStoryboardName = LaunchScreen;
				INFOPLIST_KEY_UIMainStoryboardFile = Main;
				INFOPLIST_KEY_UISupportedInterfaceOrientations_iPad = "UIInterfaceOrientationPortrait UIInterfaceOrientationPortraitUpsideDown UIInterfaceOrientationLandscapeLeft UIInterfaceOrientationLandscapeRight";
				INFOPLIST_KEY_UISupportedInterfaceOrientations_iPhone = "UIInterfaceOrientationPortrait UIInterfaceOrientationLandscapeLeft UIInterfaceOrientationLandscapeRight";
				LD_RUNPATH_SEARCH_PATHS = (
					"$(inherited)",
					"@executable_path/Frameworks",
				);
				MARKETING_VERSION = 1.0;
				PRODUCT_BUNDLE_IDENTIFIER = com.example.BluetoothMuse;
				PRODUCT_NAME = "$(TARGET_NAME)";
				SUPPORTS_MACCATALYST = YES;
				SWIFT_EMIT_LOC_STRINGS = YES;
				SWIFT_VERSION = 5.0;
				TARGETED_DEVICE_FAMILY = "1,2,6";
			};
			name = Release;
		};
/* End XCBuildConfiguration section */

/* Begin XCConfigurationList section */
		E510C1BE287E664C00827979 /* Build configuration list for PBXProject "BluetoothMuse" */ = {
			isa = XCConfigurationList;
			buildConfigurations = (
				E510C1D5287E664E00827979 /* Debug */,
				E510C1D6287E664E00827979 /* Release */,
			);
			defaultConfigurationIsVisible = 0;
			defaultConfigurationName = Release;
		};
		E510C1D7287E664E00827979 /* Build configuration list for PBXNativeTarget "BluetoothMuse" */ = {
			isa = XCConfigurationList;
			buildConfigurations = (
				E510C1D8287E664E00827979 /* Debug */,
				E510C1D9287E664E00827979 /* Release */,
			);
			defaultConfigurationIsVisible = 0;
			defaultConfigurationName = Release;
		};
/* End XCConfigurationList section */
	};
	rootObject = E510C1BB287E664C00827979 /* Project object */;
}
